// !$*UTF8*$!
{
	archiveVersion = 1;
	classes = {
	};
	objectVersion = 50;
	objects = {

/* Begin PBXBuildFile section */
		AC5C2A2320C81AD40062F365 /* Data.swift in Sources */ = {isa = PBXBuildFile; fileRef = AC5C2A2220C81AD40062F365 /* Data.swift */; };
		AC5C2A2520C81FE60062F365 /* Item.swift in Sources */ = {isa = PBXBuildFile; fileRef = AC5C2A2420C81FE60062F365 /* Item.swift */; };
		AC5C2A2720C8200C0062F365 /* Category.swift in Sources */ = {isa = PBXBuildFile; fileRef = AC5C2A2620C8200C0062F365 /* Category.swift */; };
		ACC5716C20C7F68C0025BE05 /* CategoryViewController.swift in Sources */ = {isa = PBXBuildFile; fileRef = ACC5716B20C7F68C0025BE05 /* CategoryViewController.swift */; };
		ACE5A8B120B762A2008799F0 /* AppDelegate.swift in Sources */ = {isa = PBXBuildFile; fileRef = ACE5A8B020B762A2008799F0 /* AppDelegate.swift */; };
		ACE5A8B320B762A2008799F0 /* TodoListViewController.swift in Sources */ = {isa = PBXBuildFile; fileRef = ACE5A8B220B762A2008799F0 /* TodoListViewController.swift */; };
		ACE5A8B620B762A2008799F0 /* Main.storyboard in Resources */ = {isa = PBXBuildFile; fileRef = ACE5A8B420B762A2008799F0 /* Main.storyboard */; };
		ACE5A8B820B762A8008799F0 /* Assets.xcassets in Resources */ = {isa = PBXBuildFile; fileRef = ACE5A8B720B762A8008799F0 /* Assets.xcassets */; };
		ACE5A8BB20B762A8008799F0 /* LaunchScreen.storyboard in Resources */ = {isa = PBXBuildFile; fileRef = ACE5A8B920B762A8008799F0 /* LaunchScreen.storyboard */; };
		E528A4714FE5C5985C93E794 /* Pods_Todoey.framework in Frameworks */ = {isa = PBXBuildFile; fileRef = C80141C455BF1B63BA555840 /* Pods_Todoey.framework */; };
/* End PBXBuildFile section */

/* Begin PBXFileReference section */
		0FE3594FAC6371887905D6C7 /* Pods-Todoey.debug.xcconfig */ = {isa = PBXFileReference; includeInIndex = 1; lastKnownFileType = text.xcconfig; name = "Pods-Todoey.debug.xcconfig"; path = "Pods/Target Support Files/Pods-Todoey/Pods-Todoey.debug.xcconfig"; sourceTree = "<group>"; };
		4DF17D71014F03C9EC49508C /* Pods-Todoey.release.xcconfig */ = {isa = PBXFileReference; includeInIndex = 1; lastKnownFileType = text.xcconfig; name = "Pods-Todoey.release.xcconfig"; path = "Pods/Target Support Files/Pods-Todoey/Pods-Todoey.release.xcconfig"; sourceTree = "<group>"; };
		AC5C2A2220C81AD40062F365 /* Data.swift */ = {isa = PBXFileReference; lastKnownFileType = sourcecode.swift; path = Data.swift; sourceTree = "<group>"; };
		AC5C2A2420C81FE60062F365 /* Item.swift */ = {isa = PBXFileReference; lastKnownFileType = sourcecode.swift; path = Item.swift; sourceTree = "<group>"; };
		AC5C2A2620C8200C0062F365 /* Category.swift */ = {isa = PBXFileReference; lastKnownFileType = sourcecode.swift; path = Category.swift; sourceTree = "<group>"; };
		ACC5716B20C7F68C0025BE05 /* CategoryViewController.swift */ = {isa = PBXFileReference; lastKnownFileType = sourcecode.swift; path = CategoryViewController.swift; sourceTree = "<group>"; };
		ACE5A8AD20B762A2008799F0 /* Todoey.app */ = {isa = PBXFileReference; explicitFileType = wrapper.application; includeInIndex = 0; path = Todoey.app; sourceTree = BUILT_PRODUCTS_DIR; };
		ACE5A8B020B762A2008799F0 /* AppDelegate.swift */ = {isa = PBXFileReference; lastKnownFileType = sourcecode.swift; path = AppDelegate.swift; sourceTree = "<group>"; };
		ACE5A8B220B762A2008799F0 /* TodoListViewController.swift */ = {isa = PBXFileReference; lastKnownFileType = sourcecode.swift; path = TodoListViewController.swift; sourceTree = "<group>"; };
		ACE5A8B520B762A2008799F0 /* Base */ = {isa = PBXFileReference; lastKnownFileType = file.storyboard; name = Base; path = Base.lproj/Main.storyboard; sourceTree = "<group>"; };
		ACE5A8B720B762A8008799F0 /* Assets.xcassets */ = {isa = PBXFileReference; lastKnownFileType = folder.assetcatalog; path = Assets.xcassets; sourceTree = "<group>"; };
		ACE5A8BA20B762A8008799F0 /* Base */ = {isa = PBXFileReference; lastKnownFileType = file.storyboard; name = Base; path = Base.lproj/LaunchScreen.storyboard; sourceTree = "<group>"; };
		ACE5A8BC20B762A9008799F0 /* Info.plist */ = {isa = PBXFileReference; lastKnownFileType = text.plist.xml; path = Info.plist; sourceTree = "<group>"; };
		C80141C455BF1B63BA555840 /* Pods_Todoey.framework */ = {isa = PBXFileReference; explicitFileType = wrapper.framework; includeInIndex = 0; path = Pods_Todoey.framework; sourceTree = BUILT_PRODUCTS_DIR; };
/* End PBXFileReference section */

/* Begin PBXFrameworksBuildPhase section */
		ACE5A8AA20B762A2008799F0 /* Frameworks */ = {
			isa = PBXFrameworksBuildPhase;
			buildActionMask = 2147483647;
			files = (
				E528A4714FE5C5985C93E794 /* Pods_Todoey.framework in Frameworks */,
			);
			runOnlyForDeploymentPostprocessing = 0;
		};
/* End PBXFrameworksBuildPhase section */

/* Begin PBXGroup section */
		5166426A693979981EAF4AE2 /* Pods */ = {
			isa = PBXGroup;
			children = (
				0FE3594FAC6371887905D6C7 /* Pods-Todoey.debug.xcconfig */,
				4DF17D71014F03C9EC49508C /* Pods-Todoey.release.xcconfig */,
			);
			name = Pods;
			sourceTree = "<group>";
		};
		76EEB3326D73BF0025D9C573 /* Frameworks */ = {
			isa = PBXGroup;
			children = (
				C80141C455BF1B63BA555840 /* Pods_Todoey.framework */,
			);
			name = Frameworks;
			sourceTree = "<group>";
		};
		AC96DAA620C48BBE008DFC72 /* Data Model */ = {
			isa = PBXGroup;
			children = (
				AC5C2A2620C8200C0062F365 /* Category.swift */,
				AC5C2A2420C81FE60062F365 /* Item.swift */,
				AC5C2A2220C81AD40062F365 /* Data.swift */,
			);
			path = "Data Model";
			sourceTree = "<group>";
		};
		AC96DAA720C48BDE008DFC72 /* Controllers */ = {
			isa = PBXGroup;
			children = (
				ACE5A8B220B762A2008799F0 /* TodoListViewController.swift */,
				ACC5716B20C7F68C0025BE05 /* CategoryViewController.swift */,
			);
			path = Controllers;
			sourceTree = "<group>";
		};
		AC96DAA820C48BF3008DFC72 /* Views */ = {
			isa = PBXGroup;
			children = (
				ACE5A8B420B762A2008799F0 /* Main.storyboard */,
			);
			path = Views;
			sourceTree = "<group>";
		};
		AC96DAA920C48C24008DFC72 /* Supporting files */ = {
			isa = PBXGroup;
			children = (
				ACE5A8B720B762A8008799F0 /* Assets.xcassets */,
				ACE5A8B920B762A8008799F0 /* LaunchScreen.storyboard */,
			);
			path = "Supporting files";
			sourceTree = "<group>";
		};
		ACE5A8A420B762A2008799F0 = {
			isa = PBXGroup;
			children = (
				ACE5A8AF20B762A2008799F0 /* Todoey */,
				ACE5A8AE20B762A2008799F0 /* Products */,
				5166426A693979981EAF4AE2 /* Pods */,
				76EEB3326D73BF0025D9C573 /* Frameworks */,
			);
			sourceTree = "<group>";
		};
		ACE5A8AE20B762A2008799F0 /* Products */ = {
			isa = PBXGroup;
			children = (
				ACE5A8AD20B762A2008799F0 /* Todoey.app */,
			);
			name = Products;
			sourceTree = "<group>";
		};
		ACE5A8AF20B762A2008799F0 /* Todoey */ = {
			isa = PBXGroup;
			children = (
				ACE5A8B020B762A2008799F0 /* AppDelegate.swift */,
				AC96DAA720C48BDE008DFC72 /* Controllers */,
				AC96DAA620C48BBE008DFC72 /* Data Model */,
				AC96DAA820C48BF3008DFC72 /* Views */,
				AC96DAA920C48C24008DFC72 /* Supporting files */,
				ACE5A8BC20B762A9008799F0 /* Info.plist */,
			);
			path = Todoey;
			sourceTree = "<group>";
		};
/* End PBXGroup section */

/* Begin PBXNativeTarget section */
		ACE5A8AC20B762A2008799F0 /* Todoey */ = {
			isa = PBXNativeTarget;
			buildConfigurationList = ACE5A8BF20B762A9008799F0 /* Build configuration list for PBXNativeTarget "Todoey" */;
			buildPhases = (
				2B577532B4985F845BBC9E7F /* [CP] Check Pods Manifest.lock */,
				ACE5A8A920B762A2008799F0 /* Sources */,
				ACE5A8AA20B762A2008799F0 /* Frameworks */,
				ACE5A8AB20B762A2008799F0 /* Resources */,
				E9EA5126413B3773AEE78988 /* [CP] Embed Pods Frameworks */,
			);
			buildRules = (
			);
			dependencies = (
			);
			name = Todoey;
			productName = Todoey;
			productReference = ACE5A8AD20B762A2008799F0 /* Todoey.app */;
			productType = "com.apple.product-type.application";
		};
/* End PBXNativeTarget section */

/* Begin PBXProject section */
		ACE5A8A520B762A2008799F0 /* Project object */ = {
			isa = PBXProject;
			attributes = {
				LastSwiftUpdateCheck = 0930;
				LastUpgradeCheck = 0930;
				ORGANIZATIONNAME = "PinHsuan Chen";
				TargetAttributes = {
					ACE5A8AC20B762A2008799F0 = {
						CreatedOnToolsVersion = 9.3.1;
					};
				};
			};
			buildConfigurationList = ACE5A8A820B762A2008799F0 /* Build configuration list for PBXProject "Todoey" */;
			compatibilityVersion = "Xcode 9.3";
			developmentRegion = en;
			hasScannedForEncodings = 0;
			knownRegions = (
				en,
				Base,
			);
			mainGroup = ACE5A8A420B762A2008799F0;
			productRefGroup = ACE5A8AE20B762A2008799F0 /* Products */;
			projectDirPath = "";
			projectRoot = "";
			targets = (
				ACE5A8AC20B762A2008799F0 /* Todoey */,
			);
		};
/* End PBXProject section */

/* Begin PBXResourcesBuildPhase section */
		ACE5A8AB20B762A2008799F0 /* Resources */ = {
			isa = PBXResourcesBuildPhase;
			buildActionMask = 2147483647;
			files = (
				ACE5A8BB20B762A8008799F0 /* LaunchScreen.storyboard in Resources */,
				ACE5A8B820B762A8008799F0 /* Assets.xcassets in Resources */,
				ACE5A8B620B762A2008799F0 /* Main.storyboard in Resources */,
			);
			runOnlyForDeploymentPostprocessing = 0;
		};
/* End PBXResourcesBuildPhase section */

/* Begin PBXShellScriptBuildPhase section */
		2B577532B4985F845BBC9E7F /* [CP] Check Pods Manifest.lock */ = {
			isa = PBXShellScriptBuildPhase;
			buildActionMask = 2147483647;
			files = (
			);
			inputPaths = (
				"${PODS_PODFILE_DIR_PATH}/Podfile.lock",
				"${PODS_ROOT}/Manifest.lock",
			);
			name = "[CP] Check Pods Manifest.lock";
			outputPaths = (
				"$(DERIVED_FILE_DIR)/Pods-Todoey-checkManifestLockResult.txt",
			);
			runOnlyForDeploymentPostprocessing = 0;
			shellPath = /bin/sh;
			shellScript = "diff \"${PODS_PODFILE_DIR_PATH}/Podfile.lock\" \"${PODS_ROOT}/Manifest.lock\" > /dev/null\nif [ $? != 0 ] ; then\n    # print error to STDERR\n    echo \"error: The sandbox is not in sync with the Podfile.lock. Run 'pod install' or update your CocoaPods installation.\" >&2\n    exit 1\nfi\n# This output is used by Xcode 'outputs' to avoid re-running this script phase.\necho \"SUCCESS\" > \"${SCRIPT_OUTPUT_FILE_0}\"\n";
			showEnvVarsInLog = 0;
		};
		E9EA5126413B3773AEE78988 /* [CP] Embed Pods Frameworks */ = {
			isa = PBXShellScriptBuildPhase;
			buildActionMask = 2147483647;
			files = (
			);
			inputPaths = (
				"${SRCROOT}/Pods/Target Support Files/Pods-Todoey/Pods-Todoey-frameworks.sh",
				"${BUILT_PRODUCTS_DIR}/Realm/Realm.framework",
				"${BUILT_PRODUCTS_DIR}/RealmSwift/RealmSwift.framework",
			);
			name = "[CP] Embed Pods Frameworks";
			outputPaths = (
				"${TARGET_BUILD_DIR}/${FRAMEWORKS_FOLDER_PATH}/Realm.framework",
				"${TARGET_BUILD_DIR}/${FRAMEWORKS_FOLDER_PATH}/RealmSwift.framework",
			);
			runOnlyForDeploymentPostprocessing = 0;
			shellPath = /bin/sh;
			shellScript = "\"${SRCROOT}/Pods/Target Support Files/Pods-Todoey/Pods-Todoey-frameworks.sh\"\n";
			showEnvVarsInLog = 0;
		};
/* End PBXShellScriptBuildPhase section */

/* Begin PBXSourcesBuildPhase section */
		ACE5A8A920B762A2008799F0 /* Sources */ = {
			isa = PBXSourcesBuildPhase;
			buildActionMask = 2147483647;
			files = (
				ACC5716C20C7F68C0025BE05 /* CategoryViewController.swift in Sources */,
				AC5C2A2320C81AD40062F365 /* Data.swift in Sources */,
				ACE5A8B320B762A2008799F0 /* TodoListViewController.swift in Sources */,
				AC5C2A2520C81FE60062F365 /* Item.swift in Sources */,
				ACE5A8B120B762A2008799F0 /* AppDelegate.swift in Sources */,
				AC5C2A2720C8200C0062F365 /* Category.swift in Sources */,
			);
			runOnlyForDeploymentPostprocessing = 0;
		};
/* End PBXSourcesBuildPhase section */

/* Begin PBXVariantGroup section */
		ACE5A8B420B762A2008799F0 /* Main.storyboard */ = {
			isa = PBXVariantGroup;
			children = (
				ACE5A8B520B762A2008799F0 /* Base */,
			);
			name = Main.storyboard;
			sourceTree = "<group>";
		};
		ACE5A8B920B762A8008799F0 /* LaunchScreen.storyboard */ = {
			isa = PBXVariantGroup;
			children = (
				ACE5A8BA20B762A8008799F0 /* Base */,
			);
			name = LaunchScreen.storyboard;
			sourceTree = "<group>";
		};
/* End PBXVariantGroup section */

/* Begin XCBuildConfiguration section */
		ACE5A8BD20B762A9008799F0 /* Debug */ = {
			isa = XCBuildConfiguration;
			buildSettings = {
				ALWAYS_SEARCH_USER_PATHS = NO;
				CLANG_ANALYZER_NONNULL = YES;
				CLANG_ANALYZER_NUMBER_OBJECT_CONVERSION = YES_AGGRESSIVE;
				CLANG_CXX_LANGUAGE_STANDARD = "gnu++14";
				CLANG_CXX_LIBRARY = "libc++";
				CLANG_ENABLE_MODULES = YES;
				CLANG_ENABLE_OBJC_ARC = YES;
				CLANG_ENABLE_OBJC_WEAK = YES;
				CLANG_WARN_BLOCK_CAPTURE_AUTORELEASING = YES;
				CLANG_WARN_BOOL_CONVERSION = YES;
				CLANG_WARN_COMMA = YES;
				CLANG_WARN_CONSTANT_CONVERSION = YES;
				CLANG_WARN_DEPRECATED_OBJC_IMPLEMENTATIONS = YES;
				CLANG_WARN_DIRECT_OBJC_ISA_USAGE = YES_ERROR;
				CLANG_WARN_DOCUMENTATION_COMMENTS = YES;
				CLANG_WARN_EMPTY_BODY = YES;
				CLANG_WARN_ENUM_CONVERSION = YES;
				CLANG_WARN_INFINITE_RECURSION = YES;
				CLANG_WARN_INT_CONVERSION = YES;
				CLANG_WARN_NON_LITERAL_NULL_CONVERSION = YES;
				CLANG_WARN_OBJC_IMPLICIT_RETAIN_SELF = YES;
				CLANG_WARN_OBJC_LITERAL_CONVERSION = YES;
				CLANG_WARN_OBJC_ROOT_CLASS = YES_ERROR;
				CLANG_WARN_RANGE_LOOP_ANALYSIS = YES;
				CLANG_WARN_STRICT_PROTOTYPES = YES;
				CLANG_WARN_SUSPICIOUS_MOVE = YES;
				CLANG_WARN_UNGUARDED_AVAILABILITY = YES_AGGRESSIVE;
				CLANG_WARN_UNREACHABLE_CODE = YES;
				CLANG_WARN__DUPLICATE_METHOD_MATCH = YES;
				CODE_SIGN_IDENTITY = "iPhone Developer";
				COPY_PHASE_STRIP = NO;
				DEBUG_INFORMATION_FORMAT = dwarf;
				ENABLE_STRICT_OBJC_MSGSEND = YES;
				ENABLE_TESTABILITY = YES;
				GCC_C_LANGUAGE_STANDARD = gnu11;
				GCC_DYNAMIC_NO_PIC = NO;
				GCC_NO_COMMON_BLOCKS = YES;
				GCC_OPTIMIZATION_LEVEL = 0;
				GCC_PREPROCESSOR_DEFINITIONS = (
					"DEBUG=1",
					"$(inherited)",
				);
				GCC_WARN_64_TO_32_BIT_CONVERSION = YES;
				GCC_WARN_ABOUT_RETURN_TYPE = YES_ERROR;
				GCC_WARN_UNDECLARED_SELECTOR = YES;
				GCC_WARN_UNINITIALIZED_AUTOS = YES_AGGRESSIVE;
				GCC_WARN_UNUSED_FUNCTION = YES;
				GCC_WARN_UNUSED_VARIABLE = YES;
				IPHONEOS_DEPLOYMENT_TARGET = 11.3;
				MTL_ENABLE_DEBUG_INFO = YES;
				ONLY_ACTIVE_ARCH = YES;
				SDKROOT = iphoneos;
				SWIFT_ACTIVE_COMPILATION_CONDITIONS = DEBUG;
				SWIFT_OPTIMIZATION_LEVEL = "-Onone";
			};
			name = Debug;
		};
		ACE5A8BE20B762A9008799F0 /* Release */ = {
			isa = XCBuildConfiguration;
			buildSettings = {
				ALWAYS_SEARCH_USER_PATHS = NO;
				CLANG_ANALYZER_NONNULL = YES;
				CLANG_ANALYZER_NUMBER_OBJECT_CONVERSION = YES_AGGRESSIVE;
				CLANG_CXX_LANGUAGE_STANDARD = "gnu++14";
				CLANG_CXX_LIBRARY = "libc++";
				CLANG_ENABLE_MODULES = YES;
				CLANG_ENABLE_OBJC_ARC = YES;
				CLANG_ENABLE_OBJC_WEAK = YES;
				CLANG_WARN_BLOCK_CAPTURE_AUTORELEASING = YES;
				CLANG_WARN_BOOL_CONVERSION = YES;
				CLANG_WARN_COMMA = YES;
				CLANG_WARN_CONSTANT_CONVERSION = YES;
				CLANG_WARN_DEPRECATED_OBJC_IMPLEMENTATIONS = YES;
				CLANG_WARN_DIRECT_OBJC_ISA_USAGE = YES_ERROR;
				CLANG_WARN_DOCUMENTATION_COMMENTS = YES;
				CLANG_WARN_EMPTY_BODY = YES;
				CLANG_WARN_ENUM_CONVERSION = YES;
				CLANG_WARN_INFINITE_RECURSION = YES;
				CLANG_WARN_INT_CONVERSION = YES;
				CLANG_WARN_NON_LITERAL_NULL_CONVERSION = YES;
				CLANG_WARN_OBJC_IMPLICIT_RETAIN_SELF = YES;
				CLANG_WARN_OBJC_LITERAL_CONVERSION = YES;
				CLANG_WARN_OBJC_ROOT_CLASS = YES_ERROR;
				CLANG_WARN_RANGE_LOOP_ANALYSIS = YES;
				CLANG_WARN_STRICT_PROTOTYPES = YES;
				CLANG_WARN_SUSPICIOUS_MOVE = YES;
				CLANG_WARN_UNGUARDED_AVAILABILITY = YES_AGGRESSIVE;
				CLANG_WARN_UNREACHABLE_CODE = YES;
				CLANG_WARN__DUPLICATE_METHOD_MATCH = YES;
				CODE_SIGN_IDENTITY = "iPhone Developer";
				COPY_PHASE_STRIP = NO;
				DEBUG_INFORMATION_FORMAT = "dwarf-with-dsym";
				ENABLE_NS_ASSERTIONS = NO;
				ENABLE_STRICT_OBJC_MSGSEND = YES;
				GCC_C_LANGUAGE_STANDARD = gnu11;
				GCC_NO_COMMON_BLOCKS = YES;
				GCC_WARN_64_TO_32_BIT_CONVERSION = YES;
				GCC_WARN_ABOUT_RETURN_TYPE = YES_ERROR;
				GCC_WARN_UNDECLARED_SELECTOR = YES;
				GCC_WARN_UNINITIALIZED_AUTOS = YES_AGGRESSIVE;
				GCC_WARN_UNUSED_FUNCTION = YES;
				GCC_WARN_UNUSED_VARIABLE = YES;
				IPHONEOS_DEPLOYMENT_TARGET = 11.3;
				MTL_ENABLE_DEBUG_INFO = NO;
				SDKROOT = iphoneos;
				SWIFT_COMPILATION_MODE = wholemodule;
				SWIFT_OPTIMIZATION_LEVEL = "-O";
				VALIDATE_PRODUCT = YES;
			};
			name = Release;
		};
		ACE5A8C020B762A9008799F0 /* Debug */ = {
			isa = XCBuildConfiguration;
			baseConfigurationReference = 0FE3594FAC6371887905D6C7 /* Pods-Todoey.debug.xcconfig */;
			buildSettings = {
				ASSETCATALOG_COMPILER_APPICON_NAME = AppIcon;
				CODE_SIGN_STYLE = Automatic;
				DEVELOPMENT_TEAM = 3CF5XU45A3;
				INFOPLIST_FILE = Todoey/Info.plist;
				LD_RUNPATH_SEARCH_PATHS = (
					"$(inherited)",
					"@executable_path/Frameworks",
				);
				PRODUCT_BUNDLE_IDENTIFIER = com.phc.Todoey;
				PRODUCT_NAME = "$(TARGET_NAME)";
				SWIFT_VERSION = 4.0;
				TARGETED_DEVICE_FAMILY = "1,2";
			};
			name = Debug;
		};
		ACE5A8C120B762A9008799F0 /* Release */ = {
			isa = XCBuildConfiguration;
			baseConfigurationReference = 4DF17D71014F03C9EC49508C /* Pods-Todoey.release.xcconfig */;
			buildSettings = {
				ASSETCATALOG_COMPILER_APPICON_NAME = AppIcon;
				CODE_SIGN_STYLE = Automatic;
				DEVELOPMENT_TEAM = 3CF5XU45A3;
				INFOPLIST_FILE = Todoey/Info.plist;
				LD_RUNPATH_SEARCH_PATHS = (
					"$(inherited)",
					"@executable_path/Frameworks",
				);
				PRODUCT_BUNDLE_IDENTIFIER = com.phc.Todoey;
				PRODUCT_NAME = "$(TARGET_NAME)";
				SWIFT_VERSION = 4.0;
				TARGETED_DEVICE_FAMILY = "1,2";
			};
			name = Release;
		};
/* End XCBuildConfiguration section */

/* Begin XCConfigurationList section */
		ACE5A8A820B762A2008799F0 /* Build configuration list for PBXProject "Todoey" */ = {
			isa = XCConfigurationList;
			buildConfigurations = (
				ACE5A8BD20B762A9008799F0 /* Debug */,
				ACE5A8BE20B762A9008799F0 /* Release */,
			);
			defaultConfigurationIsVisible = 0;
			defaultConfigurationName = Release;
		};
		ACE5A8BF20B762A9008799F0 /* Build configuration list for PBXNativeTarget "Todoey" */ = {
			isa = XCConfigurationList;
			buildConfigurations = (
				ACE5A8C020B762A9008799F0 /* Debug */,
				ACE5A8C120B762A9008799F0 /* Release */,
			);
			defaultConfigurationIsVisible = 0;
			defaultConfigurationName = Release;
		};
/* End XCConfigurationList section */
	};
	rootObject = ACE5A8A520B762A2008799F0 /* Project object */;
}
